// !$*UTF8*$!
{
	archiveVersion = 1;
	classes = {
	};
	objectVersion = 55;
	objects = {

/* Begin PBXBuildFile section */
		220B8F352825864F00A72BA2 /* SetTableViewController.swift in Sources */ = {isa = PBXBuildFile; fileRef = 220B8F342825864F00A72BA2 /* SetTableViewController.swift */; };
		220B8F372825BF4000A72BA2 /* MatrixTableViewController.swift in Sources */ = {isa = PBXBuildFile; fileRef = 220B8F362825BF4000A72BA2 /* MatrixTableViewController.swift */; };
		220B8F392825FF6900A72BA2 /* DetailTableViewController.swift in Sources */ = {isa = PBXBuildFile; fileRef = 220B8F382825FF6900A72BA2 /* DetailTableViewController.swift */; };
		22151018282623900045C28A /* SettingsTableViewController.swift in Sources */ = {isa = PBXBuildFile; fileRef = 22151017282623900045C28A /* SettingsTableViewController.swift */; };
		221C452B2826D00B00C3ED8B /* SortTableViewController.swift in Sources */ = {isa = PBXBuildFile; fileRef = 221C452A2826D00B00C3ED8B /* SortTableViewController.swift */; };
		221C452D2826DC8000C3ED8B /* TableRow.swift in Sources */ = {isa = PBXBuildFile; fileRef = 221C452C2826DC8000C3ED8B /* TableRow.swift */; };
		221C452F2826DE6900C3ED8B /* TableSet.swift in Sources */ = {isa = PBXBuildFile; fileRef = 221C452E2826DE6900C3ED8B /* TableSet.swift */; };
		221C45312827245500C3ED8B /* EmptyTableViewCell.swift in Sources */ = {isa = PBXBuildFile; fileRef = 221C45302827245500C3ED8B /* EmptyTableViewCell.swift */; };
		22768EFC27A25B35007A984F /* NetworkManager.swift in Sources */ = {isa = PBXBuildFile; fileRef = 22768EFB27A25B35007A984F /* NetworkManager.swift */; };
		22768EFE27A25CFD007A984F /* Binder.swift in Sources */ = {isa = PBXBuildFile; fileRef = 22768EFD27A25CFD007A984F /* Binder.swift */; };
		22768F0027A26E6C007A984F /* MatrixViewModel.swift in Sources */ = {isa = PBXBuildFile; fileRef = 22768EFF27A26E6C007A984F /* MatrixViewModel.swift */; };
		22B29D1A279A7E77006776F7 /* PCollectionViewCell.swift in Sources */ = {isa = PBXBuildFile; fileRef = 22B29D19279A7E77006776F7 /* PCollectionViewCell.swift */; };
		22B29D1C279A7E8C006776F7 /* RCollectionViewCell.swift in Sources */ = {isa = PBXBuildFile; fileRef = 22B29D1B279A7E8C006776F7 /* RCollectionViewCell.swift */; };
		22B29D1E279A7E91006776F7 /* ICollectionViewCell.swift in Sources */ = {isa = PBXBuildFile; fileRef = 22B29D1D279A7E91006776F7 /* ICollectionViewCell.swift */; };
		22B29D20279A7EC9006776F7 /* RICollectionViewCell.swift in Sources */ = {isa = PBXBuildFile; fileRef = 22B29D1F279A7EC9006776F7 /* RICollectionViewCell.swift */; };
		22B29D22279A7EEA006776F7 /* BlankCollectionViewCell.swift in Sources */ = {isa = PBXBuildFile; fileRef = 22B29D21279A7EEA006776F7 /* BlankCollectionViewCell.swift */; };
		22B94F612739E211002F66A0 /* AppDelegate.swift in Sources */ = {isa = PBXBuildFile; fileRef = 22B94F602739E211002F66A0 /* AppDelegate.swift */; };
		22B94F632739E211002F66A0 /* SceneDelegate.swift in Sources */ = {isa = PBXBuildFile; fileRef = 22B94F622739E211002F66A0 /* SceneDelegate.swift */; };
		22B94F682739E211002F66A0 /* Main.storyboard in Resources */ = {isa = PBXBuildFile; fileRef = 22B94F662739E211002F66A0 /* Main.storyboard */; };
		22B94F6A2739E212002F66A0 /* Assets.xcassets in Resources */ = {isa = PBXBuildFile; fileRef = 22B94F692739E212002F66A0 /* Assets.xcassets */; };
		22B94F6D2739E212002F66A0 /* LaunchScreen.storyboard in Resources */ = {isa = PBXBuildFile; fileRef = 22B94F6B2739E212002F66A0 /* LaunchScreen.storyboard */; };
		22B94F752739F447002F66A0 /* CollectionViewCell.swift in Sources */ = {isa = PBXBuildFile; fileRef = 22B94F742739F447002F66A0 /* CollectionViewCell.swift */; };
		22B94F7A273B71D9002F66A0 /* Row.swift in Sources */ = {isa = PBXBuildFile; fileRef = 22B94F79273B71D9002F66A0 /* Row.swift */; };
		22C6948F27A621B900F0F1DE /* SavedItemsTableViewController.swift in Sources */ = {isa = PBXBuildFile; fileRef = 22C6948E27A621B900F0F1DE /* SavedItemsTableViewController.swift */; };
		22C82CB127C94D8B0044435E /* MatrixDataSource.swift in Sources */ = {isa = PBXBuildFile; fileRef = 22C82CB027C94D8B0044435E /* MatrixDataSource.swift */; };
		22C82CB427C98B150044435E /* MatrixCollectionDelegate.swift in Sources */ = {isa = PBXBuildFile; fileRef = 22C82CB327C98B150044435E /* MatrixCollectionDelegate.swift */; };
		22C82CB627CB0D000044435E /* SavedItemsViewModel.swift in Sources */ = {isa = PBXBuildFile; fileRef = 22C82CB527CB0D000044435E /* SavedItemsViewModel.swift */; };
		22C82CB827CB0D390044435E /* SavedItemsDataSource.swift in Sources */ = {isa = PBXBuildFile; fileRef = 22C82CB727CB0D390044435E /* SavedItemsDataSource.swift */; };
		22C82CBC27CB0EBE0044435E /* SavedItemsTableDelegate.swift in Sources */ = {isa = PBXBuildFile; fileRef = 22C82CBB27CB0EBE0044435E /* SavedItemsTableDelegate.swift */; };
		22C82CC027CC2E870044435E /* DetailViewModel.swift in Sources */ = {isa = PBXBuildFile; fileRef = 22C82CBF27CC2E870044435E /* DetailViewModel.swift */; };
		22D25A4527D27C3800098869 /* CoreDataActions.swift in Sources */ = {isa = PBXBuildFile; fileRef = 22D25A4427D27C3800098869 /* CoreDataActions.swift */; };
		22D55C4627A8B0A2004E3BFF /* MusicByNumbers.xcdatamodeld in Sources */ = {isa = PBXBuildFile; fileRef = 22D55C4427A8B0A2004E3BFF /* MusicByNumbers.xcdatamodeld */; };
		22D55C4827A8B619004E3BFF /* RowTableViewCell.swift in Sources */ = {isa = PBXBuildFile; fileRef = 22D55C4727A8B619004E3BFF /* RowTableViewCell.swift */; };
		22D55C4A27A8B622004E3BFF /* SetTableViewCell.swift in Sources */ = {isa = PBXBuildFile; fileRef = 22D55C4927A8B622004E3BFF /* SetTableViewCell.swift */; };
		22E5C49B279D39E7008FFE82 /* SetViewModel.swift in Sources */ = {isa = PBXBuildFile; fileRef = 22E5C49A279D39E7008FFE82 /* SetViewModel.swift */; };
		22E5C49E279D3A31008FFE82 /* SetClasses.json in Resources */ = {isa = PBXBuildFile; fileRef = 22E5C49D279D3A31008FFE82 /* SetClasses.json */; };
		22E5C4A0279E1F89008FFE82 /* Set.swift in Sources */ = {isa = PBXBuildFile; fileRef = 22E5C49F279E1F89008FFE82 /* Set.swift */; };
		22F4D58C27A0867A00ED1AF4 /* PCCircle.swift in Sources */ = {isa = PBXBuildFile; fileRef = 22F4D58B27A0867A00ED1AF4 /* PCCircle.swift */; };
/* End PBXBuildFile section */

/* Begin PBXFileReference section */
		220B8F342825864F00A72BA2 /* SetTableViewController.swift */ = {isa = PBXFileReference; lastKnownFileType = sourcecode.swift; path = SetTableViewController.swift; sourceTree = "<group>"; };
		220B8F362825BF4000A72BA2 /* MatrixTableViewController.swift */ = {isa = PBXFileReference; lastKnownFileType = sourcecode.swift; path = MatrixTableViewController.swift; sourceTree = "<group>"; };
		220B8F382825FF6900A72BA2 /* DetailTableViewController.swift */ = {isa = PBXFileReference; lastKnownFileType = sourcecode.swift; path = DetailTableViewController.swift; sourceTree = "<group>"; };
		22151017282623900045C28A /* SettingsTableViewController.swift */ = {isa = PBXFileReference; lastKnownFileType = sourcecode.swift; path = SettingsTableViewController.swift; sourceTree = "<group>"; };
		221C452A2826D00B00C3ED8B /* SortTableViewController.swift */ = {isa = PBXFileReference; lastKnownFileType = sourcecode.swift; path = SortTableViewController.swift; sourceTree = "<group>"; };
		221C452C2826DC8000C3ED8B /* TableRow.swift */ = {isa = PBXFileReference; lastKnownFileType = sourcecode.swift; path = TableRow.swift; sourceTree = "<group>"; };
		221C452E2826DE6900C3ED8B /* TableSet.swift */ = {isa = PBXFileReference; lastKnownFileType = sourcecode.swift; path = TableSet.swift; sourceTree = "<group>"; };
		221C45302827245500C3ED8B /* EmptyTableViewCell.swift */ = {isa = PBXFileReference; lastKnownFileType = sourcecode.swift; path = EmptyTableViewCell.swift; sourceTree = "<group>"; };
		22768EFB27A25B35007A984F /* NetworkManager.swift */ = {isa = PBXFileReference; lastKnownFileType = sourcecode.swift; path = NetworkManager.swift; sourceTree = "<group>"; };
		22768EFD27A25CFD007A984F /* Binder.swift */ = {isa = PBXFileReference; lastKnownFileType = sourcecode.swift; path = Binder.swift; sourceTree = "<group>"; };
		22768EFF27A26E6C007A984F /* MatrixViewModel.swift */ = {isa = PBXFileReference; lastKnownFileType = sourcecode.swift; path = MatrixViewModel.swift; sourceTree = "<group>"; };
		22B29D19279A7E77006776F7 /* PCollectionViewCell.swift */ = {isa = PBXFileReference; lastKnownFileType = sourcecode.swift; path = PCollectionViewCell.swift; sourceTree = "<group>"; };
		22B29D1B279A7E8C006776F7 /* RCollectionViewCell.swift */ = {isa = PBXFileReference; lastKnownFileType = sourcecode.swift; path = RCollectionViewCell.swift; sourceTree = "<group>"; };
		22B29D1D279A7E91006776F7 /* ICollectionViewCell.swift */ = {isa = PBXFileReference; lastKnownFileType = sourcecode.swift; path = ICollectionViewCell.swift; sourceTree = "<group>"; };
		22B29D1F279A7EC9006776F7 /* RICollectionViewCell.swift */ = {isa = PBXFileReference; lastKnownFileType = sourcecode.swift; path = RICollectionViewCell.swift; sourceTree = "<group>"; };
		22B29D21279A7EEA006776F7 /* BlankCollectionViewCell.swift */ = {isa = PBXFileReference; lastKnownFileType = sourcecode.swift; path = BlankCollectionViewCell.swift; sourceTree = "<group>"; };
		22B94F5D2739E211002F66A0 /* Music By Numbers.app */ = {isa = PBXFileReference; explicitFileType = wrapper.application; includeInIndex = 0; path = "Music By Numbers.app"; sourceTree = BUILT_PRODUCTS_DIR; };
		22B94F602739E211002F66A0 /* AppDelegate.swift */ = {isa = PBXFileReference; lastKnownFileType = sourcecode.swift; path = AppDelegate.swift; sourceTree = "<group>"; };
		22B94F622739E211002F66A0 /* SceneDelegate.swift */ = {isa = PBXFileReference; lastKnownFileType = sourcecode.swift; path = SceneDelegate.swift; sourceTree = "<group>"; };
		22B94F672739E211002F66A0 /* Base */ = {isa = PBXFileReference; lastKnownFileType = file.storyboard; name = Base; path = Base.lproj/Main.storyboard; sourceTree = "<group>"; };
		22B94F692739E212002F66A0 /* Assets.xcassets */ = {isa = PBXFileReference; lastKnownFileType = folder.assetcatalog; path = Assets.xcassets; sourceTree = "<group>"; };
		22B94F6C2739E212002F66A0 /* Base */ = {isa = PBXFileReference; lastKnownFileType = file.storyboard; name = Base; path = Base.lproj/LaunchScreen.storyboard; sourceTree = "<group>"; };
		22B94F6E2739E212002F66A0 /* Info.plist */ = {isa = PBXFileReference; lastKnownFileType = text.plist.xml; path = Info.plist; sourceTree = "<group>"; };
		22B94F742739F447002F66A0 /* CollectionViewCell.swift */ = {isa = PBXFileReference; lastKnownFileType = sourcecode.swift; path = CollectionViewCell.swift; sourceTree = "<group>"; };
		22B94F79273B71D9002F66A0 /* Row.swift */ = {isa = PBXFileReference; lastKnownFileType = sourcecode.swift; path = Row.swift; sourceTree = "<group>"; };
		22C6948E27A621B900F0F1DE /* SavedItemsTableViewController.swift */ = {isa = PBXFileReference; lastKnownFileType = sourcecode.swift; path = SavedItemsTableViewController.swift; sourceTree = "<group>"; };
		22C82CB027C94D8B0044435E /* MatrixDataSource.swift */ = {isa = PBXFileReference; lastKnownFileType = sourcecode.swift; path = MatrixDataSource.swift; sourceTree = "<group>"; };
		22C82CB327C98B150044435E /* MatrixCollectionDelegate.swift */ = {isa = PBXFileReference; lastKnownFileType = sourcecode.swift; path = MatrixCollectionDelegate.swift; sourceTree = "<group>"; };
		22C82CB527CB0D000044435E /* SavedItemsViewModel.swift */ = {isa = PBXFileReference; lastKnownFileType = sourcecode.swift; path = SavedItemsViewModel.swift; sourceTree = "<group>"; };
		22C82CB727CB0D390044435E /* SavedItemsDataSource.swift */ = {isa = PBXFileReference; lastKnownFileType = sourcecode.swift; path = SavedItemsDataSource.swift; sourceTree = "<group>"; };
		22C82CBB27CB0EBE0044435E /* SavedItemsTableDelegate.swift */ = {isa = PBXFileReference; lastKnownFileType = sourcecode.swift; path = SavedItemsTableDelegate.swift; sourceTree = "<group>"; };
		22C82CBF27CC2E870044435E /* DetailViewModel.swift */ = {isa = PBXFileReference; lastKnownFileType = sourcecode.swift; path = DetailViewModel.swift; sourceTree = "<group>"; };
		22D25A4427D27C3800098869 /* CoreDataActions.swift */ = {isa = PBXFileReference; lastKnownFileType = sourcecode.swift; path = CoreDataActions.swift; sourceTree = "<group>"; };
		22D55C4527A8B0A2004E3BFF /* MusicByNumbers.xcdatamodel */ = {isa = PBXFileReference; lastKnownFileType = wrapper.xcdatamodel; path = MusicByNumbers.xcdatamodel; sourceTree = "<group>"; };
		22D55C4727A8B619004E3BFF /* RowTableViewCell.swift */ = {isa = PBXFileReference; lastKnownFileType = sourcecode.swift; path = RowTableViewCell.swift; sourceTree = "<group>"; };
		22D55C4927A8B622004E3BFF /* SetTableViewCell.swift */ = {isa = PBXFileReference; lastKnownFileType = sourcecode.swift; path = SetTableViewCell.swift; sourceTree = "<group>"; };
		22E5C49A279D39E7008FFE82 /* SetViewModel.swift */ = {isa = PBXFileReference; lastKnownFileType = sourcecode.swift; path = SetViewModel.swift; sourceTree = "<group>"; };
		22E5C49D279D3A31008FFE82 /* SetClasses.json */ = {isa = PBXFileReference; lastKnownFileType = text.json; path = SetClasses.json; sourceTree = "<group>"; };
		22E5C49F279E1F89008FFE82 /* Set.swift */ = {isa = PBXFileReference; lastKnownFileType = sourcecode.swift; path = Set.swift; sourceTree = "<group>"; };
		22F4D58B27A0867A00ED1AF4 /* PCCircle.swift */ = {isa = PBXFileReference; lastKnownFileType = sourcecode.swift; path = PCCircle.swift; sourceTree = "<group>"; };
/* End PBXFileReference section */

/* Begin PBXFrameworksBuildPhase section */
		22B94F5A2739E211002F66A0 /* Frameworks */ = {
			isa = PBXFrameworksBuildPhase;
			buildActionMask = 2147483647;
			files = (
			);
			runOnlyForDeploymentPostprocessing = 0;
		};
/* End PBXFrameworksBuildPhase section */

/* Begin PBXGroup section */
		221510142826152A0045C28A /* Utilities */ = {
			isa = PBXGroup;
			children = (
			);
			path = Utilities;
			sourceTree = "<group>";
		};
		22768EFA27A25B2C007A984F /* Services */ = {
			isa = PBXGroup;
			children = (
				22768EFB27A25B35007A984F /* NetworkManager.swift */,
				22768EFD27A25CFD007A984F /* Binder.swift */,
				22D25A4427D27C3800098869 /* CoreDataActions.swift */,
			);
			path = Services;
			sourceTree = "<group>";
		};
		22B94F542739E211002F66A0 = {
			isa = PBXGroup;
			children = (
				22B94F5F2739E211002F66A0 /* Music By Numbers */,
				22B94F5E2739E211002F66A0 /* Products */,
			);
			sourceTree = "<group>";
		};
		22B94F5E2739E211002F66A0 /* Products */ = {
			isa = PBXGroup;
			children = (
				22B94F5D2739E211002F66A0 /* Music By Numbers.app */,
			);
			name = Products;
			sourceTree = "<group>";
		};
		22B94F5F2739E211002F66A0 /* Music By Numbers */ = {
			isa = PBXGroup;
			children = (
				22B94F602739E211002F66A0 /* AppDelegate.swift */,
				22B94F622739E211002F66A0 /* SceneDelegate.swift */,
				221510142826152A0045C28A /* Utilities */,
				22768EFA27A25B2C007A984F /* Services */,
				22E5C49C279D3A0D008FFE82 /* Resources */,
				22B94F77273B71B9002F66A0 /* Controllers */,
				22B94F76273B71B1002F66A0 /* Models */,
				22E5C499279D39D1008FFE82 /* View Models */,
				22B94F78273B71C2002F66A0 /* Views */,
				22C82CAF27C94CED0044435E /* Data Sources */,
				22C82CB227C98ADA0044435E /* Delegates */,
				22B94F692739E212002F66A0 /* Assets.xcassets */,
				22B94F6B2739E212002F66A0 /* LaunchScreen.storyboard */,
				22B94F6E2739E212002F66A0 /* Info.plist */,
				22D55C4427A8B0A2004E3BFF /* MusicByNumbers.xcdatamodeld */,
			);
			path = "Music By Numbers";
			sourceTree = "<group>";
		};
		22B94F76273B71B1002F66A0 /* Models */ = {
			isa = PBXGroup;
			children = (
				22B94F79273B71D9002F66A0 /* Row.swift */,
				22E5C49F279E1F89008FFE82 /* Set.swift */,
				221C452C2826DC8000C3ED8B /* TableRow.swift */,
				221C452E2826DE6900C3ED8B /* TableSet.swift */,
			);
			path = Models;
			sourceTree = "<group>";
		};
		22B94F77273B71B9002F66A0 /* Controllers */ = {
			isa = PBXGroup;
			children = (
				22C6948E27A621B900F0F1DE /* SavedItemsTableViewController.swift */,
				220B8F342825864F00A72BA2 /* SetTableViewController.swift */,
				220B8F362825BF4000A72BA2 /* MatrixTableViewController.swift */,
				220B8F382825FF6900A72BA2 /* DetailTableViewController.swift */,
				22151017282623900045C28A /* SettingsTableViewController.swift */,
				221C452A2826D00B00C3ED8B /* SortTableViewController.swift */,
			);
			path = Controllers;
			sourceTree = "<group>";
		};
		22B94F78273B71C2002F66A0 /* Views */ = {
			isa = PBXGroup;
			children = (
				22B94F662739E211002F66A0 /* Main.storyboard */,
				22B94F742739F447002F66A0 /* CollectionViewCell.swift */,
				22B29D19279A7E77006776F7 /* PCollectionViewCell.swift */,
				22B29D21279A7EEA006776F7 /* BlankCollectionViewCell.swift */,
				22B29D1B279A7E8C006776F7 /* RCollectionViewCell.swift */,
				22B29D1D279A7E91006776F7 /* ICollectionViewCell.swift */,
				22B29D1F279A7EC9006776F7 /* RICollectionViewCell.swift */,
				22F4D58B27A0867A00ED1AF4 /* PCCircle.swift */,
				22D55C4727A8B619004E3BFF /* RowTableViewCell.swift */,
				22D55C4927A8B622004E3BFF /* SetTableViewCell.swift */,
				221C45302827245500C3ED8B /* EmptyTableViewCell.swift */,
			);
			path = Views;
			sourceTree = "<group>";
		};
		22C82CAF27C94CED0044435E /* Data Sources */ = {
			isa = PBXGroup;
			children = (
				22C82CB027C94D8B0044435E /* MatrixDataSource.swift */,
				22C82CB727CB0D390044435E /* SavedItemsDataSource.swift */,
			);
			path = "Data Sources";
			sourceTree = "<group>";
		};
		22C82CB227C98ADA0044435E /* Delegates */ = {
			isa = PBXGroup;
			children = (
				22C82CB327C98B150044435E /* MatrixCollectionDelegate.swift */,
				22C82CBB27CB0EBE0044435E /* SavedItemsTableDelegate.swift */,
			);
			path = Delegates;
			sourceTree = "<group>";
		};
		22E5C499279D39D1008FFE82 /* View Models */ = {
			isa = PBXGroup;
			children = (
				22E5C49A279D39E7008FFE82 /* SetViewModel.swift */,
				22768EFF27A26E6C007A984F /* MatrixViewModel.swift */,
				22C82CB527CB0D000044435E /* SavedItemsViewModel.swift */,
				22C82CBF27CC2E870044435E /* DetailViewModel.swift */,
			);
			path = "View Models";
			sourceTree = "<group>";
		};
		22E5C49C279D3A0D008FFE82 /* Resources */ = {
			isa = PBXGroup;
			children = (
				22E5C49D279D3A31008FFE82 /* SetClasses.json */,
			);
			path = Resources;
			sourceTree = "<group>";
		};
/* End PBXGroup section */

/* Begin PBXNativeTarget section */
		22B94F5C2739E211002F66A0 /* Music By Numbers */ = {
			isa = PBXNativeTarget;
			buildConfigurationList = 22B94F712739E212002F66A0 /* Build configuration list for PBXNativeTarget "Music By Numbers" */;
			buildPhases = (
				22B94F592739E211002F66A0 /* Sources */,
				22B94F5A2739E211002F66A0 /* Frameworks */,
				22B94F5B2739E211002F66A0 /* Resources */,
			);
			buildRules = (
			);
			dependencies = (
			);
			name = "Music By Numbers";
			packageProductDependencies = (
			);
			productName = "Music By Numbers";
			productReference = 22B94F5D2739E211002F66A0 /* Music By Numbers.app */;
			productType = "com.apple.product-type.application";
		};
/* End PBXNativeTarget section */

/* Begin PBXProject section */
		22B94F552739E211002F66A0 /* Project object */ = {
			isa = PBXProject;
			attributes = {
				BuildIndependentTargetsInParallel = 1;
				LastSwiftUpdateCheck = 1310;
				LastUpgradeCheck = 1310;
				TargetAttributes = {
					22B94F5C2739E211002F66A0 = {
						CreatedOnToolsVersion = 13.1;
					};
				};
			};
			buildConfigurationList = 22B94F582739E211002F66A0 /* Build configuration list for PBXProject "Music By Numbers" */;
			compatibilityVersion = "Xcode 13.0";
			developmentRegion = en;
			hasScannedForEncodings = 0;
			knownRegions = (
				en,
				Base,
			);
			mainGroup = 22B94F542739E211002F66A0;
			packageReferences = (
			);
			productRefGroup = 22B94F5E2739E211002F66A0 /* Products */;
			projectDirPath = "";
			projectRoot = "";
			targets = (
				22B94F5C2739E211002F66A0 /* Music By Numbers */,
			);
		};
/* End PBXProject section */

/* Begin PBXResourcesBuildPhase section */
		22B94F5B2739E211002F66A0 /* Resources */ = {
			isa = PBXResourcesBuildPhase;
			buildActionMask = 2147483647;
			files = (
				22B94F6D2739E212002F66A0 /* LaunchScreen.storyboard in Resources */,
				22E5C49E279D3A31008FFE82 /* SetClasses.json in Resources */,
				22B94F6A2739E212002F66A0 /* Assets.xcassets in Resources */,
				22B94F682739E211002F66A0 /* Main.storyboard in Resources */,
			);
			runOnlyForDeploymentPostprocessing = 0;
		};
/* End PBXResourcesBuildPhase section */

/* Begin PBXSourcesBuildPhase section */
		22B94F592739E211002F66A0 /* Sources */ = {
			isa = PBXSourcesBuildPhase;
			buildActionMask = 2147483647;
			files = (
				22D55C4A27A8B622004E3BFF /* SetTableViewCell.swift in Sources */,
				22C82CB427C98B150044435E /* MatrixCollectionDelegate.swift in Sources */,
				221C452D2826DC8000C3ED8B /* TableRow.swift in Sources */,
				22D55C4627A8B0A2004E3BFF /* MusicByNumbers.xcdatamodeld in Sources */,
				22B94F612739E211002F66A0 /* AppDelegate.swift in Sources */,
				22C82CB627CB0D000044435E /* SavedItemsViewModel.swift in Sources */,
				22C82CBC27CB0EBE0044435E /* SavedItemsTableDelegate.swift in Sources */,
				22768EFE27A25CFD007A984F /* Binder.swift in Sources */,
				221C452B2826D00B00C3ED8B /* SortTableViewController.swift in Sources */,
				221C452F2826DE6900C3ED8B /* TableSet.swift in Sources */,
				22E5C4A0279E1F89008FFE82 /* Set.swift in Sources */,
				22768F0027A26E6C007A984F /* MatrixViewModel.swift in Sources */,
				22C82CB127C94D8B0044435E /* MatrixDataSource.swift in Sources */,
				220B8F392825FF6900A72BA2 /* DetailTableViewController.swift in Sources */,
				22B94F632739E211002F66A0 /* SceneDelegate.swift in Sources */,
				22B29D1C279A7E8C006776F7 /* RCollectionViewCell.swift in Sources */,
				22B29D1E279A7E91006776F7 /* ICollectionViewCell.swift in Sources */,
				22C6948F27A621B900F0F1DE /* SavedItemsTableViewController.swift in Sources */,
				22B94F7A273B71D9002F66A0 /* Row.swift in Sources */,
				22C82CB827CB0D390044435E /* SavedItemsDataSource.swift in Sources */,
				22B94F752739F447002F66A0 /* CollectionViewCell.swift in Sources */,
				22B29D1A279A7E77006776F7 /* PCollectionViewCell.swift in Sources */,
				22B29D20279A7EC9006776F7 /* RICollectionViewCell.swift in Sources */,
				22E5C49B279D39E7008FFE82 /* SetViewModel.swift in Sources */,
				220B8F372825BF4000A72BA2 /* MatrixTableViewController.swift in Sources */,
				22D25A4527D27C3800098869 /* CoreDataActions.swift in Sources */,
				22C82CC027CC2E870044435E /* DetailViewModel.swift in Sources */,
				22D55C4827A8B619004E3BFF /* RowTableViewCell.swift in Sources */,
				221C45312827245500C3ED8B /* EmptyTableViewCell.swift in Sources */,
				22768EFC27A25B35007A984F /* NetworkManager.swift in Sources */,
				22F4D58C27A0867A00ED1AF4 /* PCCircle.swift in Sources */,
				22151018282623900045C28A /* SettingsTableViewController.swift in Sources */,
				220B8F352825864F00A72BA2 /* SetTableViewController.swift in Sources */,
				22B29D22279A7EEA006776F7 /* BlankCollectionViewCell.swift in Sources */,
			);
			runOnlyForDeploymentPostprocessing = 0;
		};
/* End PBXSourcesBuildPhase section */

/* Begin PBXVariantGroup section */
		22B94F662739E211002F66A0 /* Main.storyboard */ = {
			isa = PBXVariantGroup;
			children = (
				22B94F672739E211002F66A0 /* Base */,
			);
			name = Main.storyboard;
			sourceTree = "<group>";
		};
		22B94F6B2739E212002F66A0 /* LaunchScreen.storyboard */ = {
			isa = PBXVariantGroup;
			children = (
				22B94F6C2739E212002F66A0 /* Base */,
			);
			name = LaunchScreen.storyboard;
			sourceTree = "<group>";
		};
/* End PBXVariantGroup section */

/* Begin XCBuildConfiguration section */
		22B94F6F2739E212002F66A0 /* Debug */ = {
			isa = XCBuildConfiguration;
			buildSettings = {
				ALWAYS_SEARCH_USER_PATHS = NO;
				CLANG_ANALYZER_NONNULL = YES;
				CLANG_ANALYZER_NUMBER_OBJECT_CONVERSION = YES_AGGRESSIVE;
				CLANG_CXX_LANGUAGE_STANDARD = "gnu++17";
				CLANG_CXX_LIBRARY = "libc++";
				CLANG_ENABLE_MODULES = YES;
				CLANG_ENABLE_OBJC_ARC = YES;
				CLANG_ENABLE_OBJC_WEAK = YES;
				CLANG_WARN_BLOCK_CAPTURE_AUTORELEASING = YES;
				CLANG_WARN_BOOL_CONVERSION = YES;
				CLANG_WARN_COMMA = YES;
				CLANG_WARN_CONSTANT_CONVERSION = YES;
				CLANG_WARN_DEPRECATED_OBJC_IMPLEMENTATIONS = YES;
				CLANG_WARN_DIRECT_OBJC_ISA_USAGE = YES_ERROR;
				CLANG_WARN_DOCUMENTATION_COMMENTS = YES;
				CLANG_WARN_EMPTY_BODY = YES;
				CLANG_WARN_ENUM_CONVERSION = YES;
				CLANG_WARN_INFINITE_RECURSION = YES;
				CLANG_WARN_INT_CONVERSION = YES;
				CLANG_WARN_NON_LITERAL_NULL_CONVERSION = YES;
				CLANG_WARN_OBJC_IMPLICIT_RETAIN_SELF = YES;
				CLANG_WARN_OBJC_LITERAL_CONVERSION = YES;
				CLANG_WARN_OBJC_ROOT_CLASS = YES_ERROR;
				CLANG_WARN_QUOTED_INCLUDE_IN_FRAMEWORK_HEADER = YES;
				CLANG_WARN_RANGE_LOOP_ANALYSIS = YES;
				CLANG_WARN_STRICT_PROTOTYPES = YES;
				CLANG_WARN_SUSPICIOUS_MOVE = YES;
				CLANG_WARN_UNGUARDED_AVAILABILITY = YES_AGGRESSIVE;
				CLANG_WARN_UNREACHABLE_CODE = YES;
				CLANG_WARN__DUPLICATE_METHOD_MATCH = YES;
				COPY_PHASE_STRIP = NO;
				DEBUG_INFORMATION_FORMAT = dwarf;
				ENABLE_STRICT_OBJC_MSGSEND = YES;
				ENABLE_TESTABILITY = YES;
				GCC_C_LANGUAGE_STANDARD = gnu11;
				GCC_DYNAMIC_NO_PIC = NO;
				GCC_NO_COMMON_BLOCKS = YES;
				GCC_OPTIMIZATION_LEVEL = 0;
				GCC_PREPROCESSOR_DEFINITIONS = (
					"DEBUG=1",
					"$(inherited)",
				);
				GCC_WARN_64_TO_32_BIT_CONVERSION = YES;
				GCC_WARN_ABOUT_RETURN_TYPE = YES_ERROR;
				GCC_WARN_UNDECLARED_SELECTOR = YES;
				GCC_WARN_UNINITIALIZED_AUTOS = YES_AGGRESSIVE;
				GCC_WARN_UNUSED_FUNCTION = YES;
				GCC_WARN_UNUSED_VARIABLE = YES;
				IPHONEOS_DEPLOYMENT_TARGET = 15.0;
				MTL_ENABLE_DEBUG_INFO = INCLUDE_SOURCE;
				MTL_FAST_MATH = YES;
				ONLY_ACTIVE_ARCH = YES;
				SDKROOT = iphoneos;
				SWIFT_ACTIVE_COMPILATION_CONDITIONS = DEBUG;
				SWIFT_OPTIMIZATION_LEVEL = "-Onone";
			};
			name = Debug;
		};
		22B94F702739E212002F66A0 /* Release */ = {
			isa = XCBuildConfiguration;
			buildSettings = {
				ALWAYS_SEARCH_USER_PATHS = NO;
				CLANG_ANALYZER_NONNULL = YES;
				CLANG_ANALYZER_NUMBER_OBJECT_CONVERSION = YES_AGGRESSIVE;
				CLANG_CXX_LANGUAGE_STANDARD = "gnu++17";
				CLANG_CXX_LIBRARY = "libc++";
				CLANG_ENABLE_MODULES = YES;
				CLANG_ENABLE_OBJC_ARC = YES;
				CLANG_ENABLE_OBJC_WEAK = YES;
				CLANG_WARN_BLOCK_CAPTURE_AUTORELEASING = YES;
				CLANG_WARN_BOOL_CONVERSION = YES;
				CLANG_WARN_COMMA = YES;
				CLANG_WARN_CONSTANT_CONVERSION = YES;
				CLANG_WARN_DEPRECATED_OBJC_IMPLEMENTATIONS = YES;
				CLANG_WARN_DIRECT_OBJC_ISA_USAGE = YES_ERROR;
				CLANG_WARN_DOCUMENTATION_COMMENTS = YES;
				CLANG_WARN_EMPTY_BODY = YES;
				CLANG_WARN_ENUM_CONVERSION = YES;
				CLANG_WARN_INFINITE_RECURSION = YES;
				CLANG_WARN_INT_CONVERSION = YES;
				CLANG_WARN_NON_LITERAL_NULL_CONVERSION = YES;
				CLANG_WARN_OBJC_IMPLICIT_RETAIN_SELF = YES;
				CLANG_WARN_OBJC_LITERAL_CONVERSION = YES;
				CLANG_WARN_OBJC_ROOT_CLASS = YES_ERROR;
				CLANG_WARN_QUOTED_INCLUDE_IN_FRAMEWORK_HEADER = YES;
				CLANG_WARN_RANGE_LOOP_ANALYSIS = YES;
				CLANG_WARN_STRICT_PROTOTYPES = YES;
				CLANG_WARN_SUSPICIOUS_MOVE = YES;
				CLANG_WARN_UNGUARDED_AVAILABILITY = YES_AGGRESSIVE;
				CLANG_WARN_UNREACHABLE_CODE = YES;
				CLANG_WARN__DUPLICATE_METHOD_MATCH = YES;
				COPY_PHASE_STRIP = NO;
				DEBUG_INFORMATION_FORMAT = "dwarf-with-dsym";
				ENABLE_NS_ASSERTIONS = NO;
				ENABLE_STRICT_OBJC_MSGSEND = YES;
				GCC_C_LANGUAGE_STANDARD = gnu11;
				GCC_NO_COMMON_BLOCKS = YES;
				GCC_WARN_64_TO_32_BIT_CONVERSION = YES;
				GCC_WARN_ABOUT_RETURN_TYPE = YES_ERROR;
				GCC_WARN_UNDECLARED_SELECTOR = YES;
				GCC_WARN_UNINITIALIZED_AUTOS = YES_AGGRESSIVE;
				GCC_WARN_UNUSED_FUNCTION = YES;
				GCC_WARN_UNUSED_VARIABLE = YES;
				IPHONEOS_DEPLOYMENT_TARGET = 15.0;
				MTL_ENABLE_DEBUG_INFO = NO;
				MTL_FAST_MATH = YES;
				SDKROOT = iphoneos;
				SWIFT_COMPILATION_MODE = wholemodule;
				SWIFT_OPTIMIZATION_LEVEL = "-O";
				VALIDATE_PRODUCT = YES;
			};
			name = Release;
		};
		22B94F722739E212002F66A0 /* Debug */ = {
			isa = XCBuildConfiguration;
			buildSettings = {
				ASSETCATALOG_COMPILER_APPICON_NAME = AppIcon;
				ASSETCATALOG_COMPILER_GLOBAL_ACCENT_COLOR_NAME = AccentColor;
				CODE_SIGN_STYLE = Automatic;
				CURRENT_PROJECT_VERSION = 1;
				DEVELOPMENT_TEAM = 89JNN3239D;
				GENERATE_INFOPLIST_FILE = YES;
				INFOPLIST_FILE = "Music By Numbers/Info.plist";
				INFOPLIST_KEY_UIApplicationSupportsIndirectInputEvents = YES;
				INFOPLIST_KEY_UILaunchStoryboardName = LaunchScreen;
				INFOPLIST_KEY_UIMainStoryboardFile = Main;
				INFOPLIST_KEY_UISupportedInterfaceOrientations_iPad = "UIInterfaceOrientationPortrait UIInterfaceOrientationPortraitUpsideDown UIInterfaceOrientationLandscapeLeft UIInterfaceOrientationLandscapeRight";
				INFOPLIST_KEY_UISupportedInterfaceOrientations_iPhone = "UIInterfaceOrientationPortrait UIInterfaceOrientationLandscapeLeft UIInterfaceOrientationLandscapeRight";
				LD_RUNPATH_SEARCH_PATHS = (
					"$(inherited)",
					"@executable_path/Frameworks",
				);
				MARKETING_VERSION = 1.0;
				PRODUCT_BUNDLE_IDENTIFIER = "com.timbausch.Music-By-Numbers";
				PRODUCT_NAME = "$(TARGET_NAME)";
				SWIFT_EMIT_LOC_STRINGS = YES;
				SWIFT_VERSION = 5.0;
				TARGETED_DEVICE_FAMILY = "1,2";
			};
			name = Debug;
		};
		22B94F732739E212002F66A0 /* Release */ = {
			isa = XCBuildConfiguration;
			buildSettings = {
				ASSETCATALOG_COMPILER_APPICON_NAME = AppIcon;
				ASSETCATALOG_COMPILER_GLOBAL_ACCENT_COLOR_NAME = AccentColor;
				CODE_SIGN_STYLE = Automatic;
				CURRENT_PROJECT_VERSION = 1;
				DEVELOPMENT_TEAM = 89JNN3239D;
				GENERATE_INFOPLIST_FILE = YES;
				INFOPLIST_FILE = "Music By Numbers/Info.plist";
				INFOPLIST_KEY_UIApplicationSupportsIndirectInputEvents = YES;
				INFOPLIST_KEY_UILaunchStoryboardName = LaunchScreen;
				INFOPLIST_KEY_UIMainStoryboardFile = Main;
				INFOPLIST_KEY_UISupportedInterfaceOrientations_iPad = "UIInterfaceOrientationPortrait UIInterfaceOrientationPortraitUpsideDown UIInterfaceOrientationLandscapeLeft UIInterfaceOrientationLandscapeRight";
				INFOPLIST_KEY_UISupportedInterfaceOrientations_iPhone = "UIInterfaceOrientationPortrait UIInterfaceOrientationLandscapeLeft UIInterfaceOrientationLandscapeRight";
				LD_RUNPATH_SEARCH_PATHS = (
					"$(inherited)",
					"@executable_path/Frameworks",
				);
				MARKETING_VERSION = 1.0;
				PRODUCT_BUNDLE_IDENTIFIER = "com.timbausch.Music-By-Numbers";
				PRODUCT_NAME = "$(TARGET_NAME)";
				SWIFT_EMIT_LOC_STRINGS = YES;
				SWIFT_VERSION = 5.0;
				TARGETED_DEVICE_FAMILY = "1,2";
			};
			name = Release;
		};
/* End XCBuildConfiguration section */

/* Begin XCConfigurationList section */
		22B94F582739E211002F66A0 /* Build configuration list for PBXProject "Music By Numbers" */ = {
			isa = XCConfigurationList;
			buildConfigurations = (
				22B94F6F2739E212002F66A0 /* Debug */,
				22B94F702739E212002F66A0 /* Release */,
			);
			defaultConfigurationIsVisible = 0;
			defaultConfigurationName = Release;
		};
		22B94F712739E212002F66A0 /* Build configuration list for PBXNativeTarget "Music By Numbers" */ = {
			isa = XCConfigurationList;
			buildConfigurations = (
				22B94F722739E212002F66A0 /* Debug */,
				22B94F732739E212002F66A0 /* Release */,
			);
			defaultConfigurationIsVisible = 0;
			defaultConfigurationName = Release;
		};
/* End XCConfigurationList section */

/* Begin XCVersionGroup section */
		22D55C4427A8B0A2004E3BFF /* MusicByNumbers.xcdatamodeld */ = {
			isa = XCVersionGroup;
			children = (
				22D55C4527A8B0A2004E3BFF /* MusicByNumbers.xcdatamodel */,
			);
			currentVersion = 22D55C4527A8B0A2004E3BFF /* MusicByNumbers.xcdatamodel */;
			path = MusicByNumbers.xcdatamodeld;
			sourceTree = "<group>";
			versionGroupType = wrapper.xcdatamodel;
		};
/* End XCVersionGroup section */
	};
	rootObject = 22B94F552739E211002F66A0 /* Project object */;
}
